
Microsoft Visual Studio Solution File, Format Version 12.00
# Visual Studio Version 17
VisualStudioVersion = 17.12.35707.178 d17.12
MinimumVisualStudioVersion = 10.0.40219.1
Project("{FAE04EC0-301F-11D3-BF4B-00C04F79EFBC}") = "BlazorProductApp", "BlazorProductApp.csproj", "{97604726-037F-49F0-B983-D26A262B7CFF}"
EndProject
Global
	GlobalSection(SolutionConfigurationPlatforms) = preSolution
		Debug|Any CPU = Debug|Any CPU
		Release|Any CPU = Release|Any CPU
	EndGlobalSection
	GlobalSection(ProjectConfigurationPlatforms) = postSolution
		{97604726-037F-49F0-B983-D26A262B7CFF}.Debug|Any CPU.ActiveCfg = Debug|Any CPU
		{97604726-037F-49F0-B983-D26A262B7CFF}.Debug|Any CPU.Build.0 = Debug|Any CPU
		{97604726-037F-49F0-B983-D26A262B7CFF}.Release|Any CPU.ActiveCfg = Release|Any CPU
		{97604726-037F-49F0-B983-D26A262B7CFF}.Release|Any CPU.Build.0 = Release|Any CPU
	EndGlobalSection
	GlobalSection(SolutionProperties) = preSolution
		HideSolutionNode = FALSE
	EndGlobalSection
EndGlobal
